// !$*UTF8*$!
{
	archiveVersion = 1;
	classes = {
	};
	objectVersion = 56;
	objects = {

/* Begin PBXBuildFile section */
		AABB0002000000000000AA02 /* main.m in Sources */ = {isa = PBXBuildFile; fileRef = AABB0011000000000000AA11 /* main.m */; };
		AABB0003000000000000AA03 /* AppDelegate.m in Sources */ = {isa = PBXBuildFile; fileRef = AABB0013000000000000AA13 /* AppDelegate.m */; };
		AABB0004000000000000AA04 /* ScaleParameters.m in Sources */ = {isa = PBXBuildFile; fileRef = AABB0015000000000000AA15 /* ScaleParameters.m */; };
		AABB0005000000000000AA05 /* ScaleView.m in Sources */ = {isa = PBXBuildFile; fileRef = AABB0017000000000000AA17 /* ScaleView.m */; };
		AABB0006000000000000AA06 /* MainWindowController.m in Sources */ = {isa = PBXBuildFile; fileRef = AABB0019000000000000AA19 /* MainWindowController.m */; };
		AABB0007000000000000AA07 /* Cocoa.framework in Frameworks */ = {isa = PBXBuildFile; fileRef = AABB001B000000000000AA1B /* Cocoa.framework */; };
		AABB0008000000000000AA08 /* AboutWindowController.m in Sources */ = {isa = PBXBuildFile; fileRef = AABB001D000000000000AA1D /* AboutWindowController.m */; };
		AABB0009000000000000AA09 /* Assets.xcassets in Resources */ = {isa = PBXBuildFile; fileRef = AABB001E000000000000AA1E /* Assets.xcassets */; };
/* End PBXBuildFile section */

/* Begin PBXFileReference section */
		AABB0001000000000000AA01 /* Scalator.app */ = {isa = PBXFileReference; explicitFileType = wrapper.application; includeInIndex = 0; path = Scalator.app; sourceTree = BUILT_PRODUCTS_DIR; };
		AABB0011000000000000AA11 /* main.m */ = {isa = PBXFileReference; lastKnownFileType = sourcecode.c.objc; path = main.m; sourceTree = "<group>"; };
		AABB0012000000000000AA12 /* AppDelegate.h */ = {isa = PBXFileReference; lastKnownFileType = sourcecode.c.h; path = AppDelegate.h; sourceTree = "<group>"; };
		AABB0013000000000000AA13 /* AppDelegate.m */ = {isa = PBXFileReference; lastKnownFileType = sourcecode.c.objc; path = AppDelegate.m; sourceTree = "<group>"; };
		AABB0014000000000000AA14 /* ScaleParameters.h */ = {isa = PBXFileReference; lastKnownFileType = sourcecode.c.h; path = ScaleParameters.h; sourceTree = "<group>"; };
		AABB0015000000000000AA15 /* ScaleParameters.m */ = {isa = PBXFileReference; lastKnownFileType = sourcecode.c.objc; path = ScaleParameters.m; sourceTree = "<group>"; };
		AABB0016000000000000AA16 /* ScaleView.h */ = {isa = PBXFileReference; lastKnownFileType = sourcecode.c.h; path = ScaleView.h; sourceTree = "<group>"; };
		AABB0017000000000000AA17 /* ScaleView.m */ = {isa = PBXFileReference; lastKnownFileType = sourcecode.c.objc; path = ScaleView.m; sourceTree = "<group>"; };
		AABB0018000000000000AA18 /* MainWindowController.h */ = {isa = PBXFileReference; lastKnownFileType = sourcecode.c.h; path = MainWindowController.h; sourceTree = "<group>"; };
		AABB0019000000000000AA19 /* MainWindowController.m */ = {isa = PBXFileReference; lastKnownFileType = sourcecode.c.objc; path = MainWindowController.m; sourceTree = "<group>"; };
		AABB001A000000000000AA1A /* Info.plist */ = {isa = PBXFileReference; lastKnownFileType = text.plist.xml; path = Info.plist; sourceTree = "<group>"; };
		AABB001B000000000000AA1B /* Cocoa.framework */ = {isa = PBXFileReference; lastKnownFileType = wrapper.framework; name = Cocoa.framework; path = System/Library/Frameworks/Cocoa.framework; sourceTree = SDKROOT; };
		AABB001C000000000000AA1C /* AboutWindowController.h */ = {isa = PBXFileReference; lastKnownFileType = sourcecode.c.h; path = AboutWindowController.h; sourceTree = "<group>"; };
		AABB001D000000000000AA1D /* AboutWindowController.m */ = {isa = PBXFileReference; lastKnownFileType = sourcecode.c.objc; path = AboutWindowController.m; sourceTree = "<group>"; };
		AABB001E000000000000AA1E /* Assets.xcassets */ = {isa = PBXFileReference; lastKnownFileType = folder.assetcatalog; path = Assets.xcassets; sourceTree = "<group>"; };
/* End PBXFileReference section */

/* Begin PBXFrameworksBuildPhase section */
		AABB0020000000000000AA20 /* Frameworks */ = {
			isa = PBXFrameworksBuildPhase;
			buildActionMask = 2147483647;
			files = (
				AABB0007000000000000AA07 /* Cocoa.framework in Frameworks */,
			);
			runOnlyForDeploymentPostprocessing = 0;
		};
/* End PBXFrameworksBuildPhase section */

/* Begin PBXGroup section */
		AABB0030000000000000AA30 = {
			isa = PBXGroup;
			children = (
				AABB0031000000000000AA31 /* Scalator */,
				AABB001B000000000000AA1B /* Cocoa.framework */,
				AABB0032000000000000AA32 /* Products */,
			);
			sourceTree = "<group>";
		};
		AABB0031000000000000AA31 /* Scalator */ = {
			isa = PBXGroup;
			children = (
				AABB0011000000000000AA11 /* main.m */,
				AABB0012000000000000AA12 /* AppDelegate.h */,
				AABB0013000000000000AA13 /* AppDelegate.m */,
				AABB0014000000000000AA14 /* ScaleParameters.h */,
				AABB0015000000000000AA15 /* ScaleParameters.m */,
				AABB0016000000000000AA16 /* ScaleView.h */,
				AABB0017000000000000AA17 /* ScaleView.m */,
				AABB0018000000000000AA18 /* MainWindowController.h */,
				AABB0019000000000000AA19 /* MainWindowController.m */,
				AABB001A000000000000AA1A /* Info.plist */,
				AABB001C000000000000AA1C /* AboutWindowController.h */,
				AABB001D000000000000AA1D /* AboutWindowController.m */,
				AABB001E000000000000AA1E /* Assets.xcassets */,
			);
			path = Scalator;
			sourceTree = "<group>";
		};
		AABB0032000000000000AA32 /* Products */ = {
			isa = PBXGroup;
			children = (
				AABB0001000000000000AA01 /* Scalator.app */,
			);
			name = Products;
			sourceTree = "<group>";
		};
/* End PBXGroup section */

/* Begin PBXNativeTarget section */
		AABB0040000000000000AA40 /* Scalator */ = {
			isa = PBXNativeTarget;
			buildConfigurationList = AABB0061000000000000AA61 /* Build configuration list for PBXNativeTarget "Scalator" */;
			buildPhases = (
				AABB0021000000000000AA21 /* Sources */,
				AABB0020000000000000AA20 /* Frameworks */,
				AABB0022000000000000AA22 /* Resources */,
			);
			buildRules = (
			);
			dependencies = (
			);
			name = Scalator;
			productName = Scalator;
			productReference = AABB0001000000000000AA01 /* Scalator.app */;
			productType = "com.apple.product-type.application";
		};
/* End PBXNativeTarget section */

/* Begin PBXProject section */
		AABB0050000000000000AA50 /* Project object */ = {
			isa = PBXProject;
			attributes = {
				BuildIndependentTargetsInParallel = 1;
				LastUpgradeCheck = 2650;
				TargetAttributes = {
					AABB0040000000000000AA40 = {
						CreatedOnToolsVersion = 15.0;
					};
				};
			};
			buildConfigurationList = AABB0060000000000000AA60 /* Build configuration list for PBXProject "Scalator" */;
			compatibilityVersion = "Xcode 14.0";
			developmentRegion = en;
			hasScannedForEncodings = 0;
			knownRegions = (
				en,
				Base,
			);
			mainGroup = AABB0030000000000000AA30;
			productRefGroup = AABB0032000000000000AA32 /* Products */;
			projectDirPath = "";
			projectRoot = "";
			targets = (
				AABB0040000000000000AA40 /* Scalator */,
			);
		};
/* End PBXProject section */

/* Begin PBXResourcesBuildPhase section */
		AABB0022000000000000AA22 /* Resources */ = {
			isa = PBXResourcesBuildPhase;
			buildActionMask = 2147483647;
			files = (
				AABB0009000000000000AA09 /* Assets.xcassets in Resources */,
			);
			runOnlyForDeploymentPostprocessing = 0;
		};
/* End PBXResourcesBuildPhase section */

/* Begin PBXSourcesBuildPhase section */
		AABB0021000000000000AA21 /* Sources */ = {
			isa = PBXSourcesBuildPhase;
			buildActionMask = 2147483647;
			files = (
				AABB0008000000000000AA08 /* AboutWindowController.m in Sources */,
				AABB0002000000000000AA02 /* main.m in Sources */,
				AABB0003000000000000AA03 /* AppDelegate.m in Sources */,
				AABB0004000000000000AA04 /* ScaleParameters.m in Sources */,
				AABB0005000000000000AA05 /* ScaleView.m in Sources */,
				AABB0006000000000000AA06 /* MainWindowController.m in Sources */,
			);
			runOnlyForDeploymentPostprocessing = 0;
		};
/* End PBXSourcesBuildPhase section */

/* Begin XCBuildConfiguration section */
		AABB0062000000000000AA62 /* Debug */ = {
			isa = XCBuildConfiguration;
			buildSettings = {
				ALWAYS_SEARCH_USER_PATHS = NO;
				CLANG_CXX_LANGUAGE_STANDARD = "gnu++17";
				CLANG_ENABLE_MODULES = YES;
				CLANG_ENABLE_OBJC_ARC = YES;
				CLANG_ENABLE_OBJC_WEAK = YES;
				CLANG_WARN_BLOCK_CAPTURE_AUTORELEASING = YES;
				CLANG_WARN_BOOL_CONVERSION = YES;
				CLANG_WARN_COMMA = YES;
				CLANG_WARN_CONSTANT_CONVERSION = YES;
				CLANG_WARN_DEPRECATED_OBJC_IMPLEMENTATIONS = YES;
				CLANG_WARN_DIRECT_OBJC_ISA_USAGE = YES_ERROR;
				CLANG_WARN_EMPTY_BODY = YES;
				CLANG_WARN_ENUM_CONVERSION = YES;
				CLANG_WARN_INFINITE_RECURSION = YES;
				CLANG_WARN_INT_CONVERSION = YES;
				CLANG_WARN_NON_LITERAL_NULL_CONVERSION = YES;
				CLANG_WARN_OBJC_IMPLICIT_RETAIN_SELF = YES;
				CLANG_WARN_OBJC_LITERAL_CONVERSION = YES;
				CLANG_WARN_OBJC_ROOT_CLASS = YES_ERROR;
				CLANG_WARN_QUOTED_INCLUDE_IN_FRAMEWORK_HEADER = YES;
				CLANG_WARN_RANGE_LOOP_ANALYSIS = YES;
				CLANG_WARN_STRICT_PROTOTYPES = YES;
				CLANG_WARN_SUSPICIOUS_MOVE = YES;
				CLANG_WARN_UNREACHABLE_CODE = YES;
				CLANG_WARN__DUPLICATE_METHOD_MATCH = YES;
				COPY_PHASE_STRIP = NO;
				DEAD_CODE_STRIPPING = YES;
				DEBUG_INFORMATION_FORMAT = dwarf;
				ENABLE_STRICT_OBJC_MSGSEND = YES;
				ENABLE_TESTABILITY = YES;
				ENABLE_USER_SCRIPT_SANDBOXING = YES;
				GCC_C_LANGUAGE_STANDARD = gnu11;
				GCC_DYNAMIC_NO_PIC = NO;
				GCC_NO_COMMON_BLOCKS = YES;
				GCC_OPTIMIZATION_LEVEL = 0;
				GCC_PREPROCESSOR_DEFINITIONS = (
					"DEBUG=1",
					"$(inherited)",
				);
				GCC_WARN_64_TO_32_BIT_CONVERSION = YES;
				GCC_WARN_ABOUT_RETURN_TYPE = YES_ERROR;
				GCC_WARN_UNDECLARED_SELECTOR = YES;
				GCC_WARN_UNINITIALIZED_AUTOS = YES_AGGRESSIVE;
				GCC_WARN_UNUSED_FUNCTION = YES;
				GCC_WARN_UNUSED_VARIABLE = YES;
				MACOSX_DEPLOYMENT_TARGET = 12.0;
				ONLY_ACTIVE_ARCH = YES;
				SDKROOT = macosx;
				STRING_CATALOG_GENERATE_SYMBOLS = YES;
			};
			name = Debug;
		};
		AABB0063000000000000AA63 /* Release */ = {
			isa = XCBuildConfiguration;
			buildSettings = {
				ALWAYS_SEARCH_USER_PATHS = NO;
				CLANG_CXX_LANGUAGE_STANDARD = "gnu++17";
				CLANG_ENABLE_MODULES = YES;
				CLANG_ENABLE_OBJC_ARC = YES;
				CLANG_ENABLE_OBJC_WEAK = YES;
				CLANG_WARN_BLOCK_CAPTURE_AUTORELEASING = YES;
				CLANG_WARN_BOOL_CONVERSION = YES;
				CLANG_WARN_COMMA = YES;
				CLANG_WARN_CONSTANT_CONVERSION = YES;
				CLANG_WARN_DEPRECATED_OBJC_IMPLEMENTATIONS = YES;
				CLANG_WARN_DIRECT_OBJC_ISA_USAGE = YES_ERROR;
				CLANG_WARN_EMPTY_BODY = YES;
				CLANG_WARN_ENUM_CONVERSION = YES;
				CLANG_WARN_INFINITE_RECURSION = YES;
				CLANG_WARN_INT_CONVERSION = YES;
				CLANG_WARN_NON_LITERAL_NULL_CONVERSION = YES;
				CLANG_WARN_OBJC_IMPLICIT_RETAIN_SELF = YES;
				CLANG_WARN_OBJC_LITERAL_CONVERSION = YES;
				CLANG_WARN_OBJC_ROOT_CLASS = YES_ERROR;
				CLANG_WARN_QUOTED_INCLUDE_IN_FRAMEWORK_HEADER = YES;
				CLANG_WARN_RANGE_LOOP_ANALYSIS = YES;
				CLANG_WARN_STRICT_PROTOTYPES = YES;
				CLANG_WARN_SUSPICIOUS_MOVE = YES;
				CLANG_WARN_UNREACHABLE_CODE = YES;
				CLANG_WARN__DUPLICATE_METHOD_MATCH = YES;
				COPY_PHASE_STRIP = NO;
				DEAD_CODE_STRIPPING = YES;
				DEBUG_INFORMATION_FORMAT = "dwarf-with-dsym";
				ENABLE_NS_ASSERTIONS = NO;
				ENABLE_STRICT_OBJC_MSGSEND = YES;
				ENABLE_USER_SCRIPT_SANDBOXING = YES;
				GCC_C_LANGUAGE_STANDARD = gnu11;
				GCC_NO_COMMON_BLOCKS = YES;
				GCC_WARN_64_TO_32_BIT_CONVERSION = YES;
				GCC_WARN_ABOUT_RETURN_TYPE = YES_ERROR;
				GCC_WARN_UNDECLARED_SELECTOR = YES;
				GCC_WARN_UNINITIALIZED_AUTOS = YES_AGGRESSIVE;
				GCC_WARN_UNUSED_FUNCTION = YES;
				GCC_WARN_UNUSED_VARIABLE = YES;
				MACOSX_DEPLOYMENT_TARGET = 12.0;
				SDKROOT = macosx;
				STRING_CATALOG_GENERATE_SYMBOLS = YES;
			};
			name = Release;
		};
		AABB0064000000000000AA64 /* Debug */ = {
			isa = XCBuildConfiguration;
			buildSettings = {
				ASSETCATALOG_COMPILER_INCLUDE_ALL_APPICON_ASSETS = YES;
				CLANG_ENABLE_MODULES = YES;
				CODE_SIGN_STYLE = Automatic;
				COMBINE_HIDPI_IMAGES = YES;
				DEAD_CODE_STRIPPING = YES;
				INFOPLIST_FILE = Scalator/Info.plist;
				LD_RUNPATH_SEARCH_PATHS = (
					"$(inherited)",
					"@executable_path/../Frameworks",
				);
				MACOSX_DEPLOYMENT_TARGET = 12.0;
				PRODUCT_BUNDLE_IDENTIFIER = "net.rhyno-audio.Scalator";
				PRODUCT_NAME = "$(TARGET_NAME)";
			};
			name = Debug;
		};
		AABB0065000000000000AA65 /* Release */ = {
			isa = XCBuildConfiguration;
			buildSettings = {
				ASSETCATALOG_COMPILER_INCLUDE_ALL_APPICON_ASSETS = YES;
				CLANG_ENABLE_MODULES = YES;
				CODE_SIGN_STYLE = Automatic;
				COMBINE_HIDPI_IMAGES = YES;
				DEAD_CODE_STRIPPING = YES;
				INFOPLIST_FILE = Scalator/Info.plist;
				LD_RUNPATH_SEARCH_PATHS = (
					"$(inherited)",
					"@executable_path/../Frameworks",
				);
				MACOSX_DEPLOYMENT_TARGET = 12.0;
				PRODUCT_BUNDLE_IDENTIFIER = "net.rhyno-audio.Scalator";
				PRODUCT_NAME = "$(TARGET_NAME)";
			};
			name = Release;
		};
/* End XCBuildConfiguration section */

/* Begin XCConfigurationList section */
		AABB0060000000000000AA60 /* Build configuration list for PBXProject "Scalator" */ = {
			isa = XCConfigurationList;
			buildConfigurations = (
				AABB0062000000000000AA62 /* Debug */,
				AABB0063000000000000AA63 /* Release */,
			);
			defaultConfigurationIsVisible = 0;
			defaultConfigurationName = Release;
		};
		AABB0061000000000000AA61 /* Build configuration list for PBXNativeTarget "Scalator" */ = {
			isa = XCConfigurationList;
			buildConfigurations = (
				AABB0064000000000000AA64 /* Debug */,
				AABB0065000000000000AA65 /* Release */,
			);
			defaultConfigurationIsVisible = 0;
			defaultConfigurationName = Release;
		};
/* End XCConfigurationList section */
	};
	rootObject = AABB0050000000000000AA50 /* Project object */;
}
